
Microsoft Visual Studio Solution File, Format Version 12.00
# Visual Studio Version 16
VisualStudioVersion = 16.0.31613.86
MinimumVisualStudioVersion = 10.0.40219.1
Project("{FAE04EC0-301F-11D3-BF4B-00C04F79EFBC}") = "Hello World", "Hello World\Hello World.csproj", "{F5E355B3-6182-4504-8EC0-54A505A264A7}"
EndProject
Global
	GlobalSection(SolutionConfigurationPlatforms) = preSolution
		Debug|Any CPU = Debug|Any CPU
		Release|Any CPU = Release|Any CPU
	EndGlobalSection
	GlobalSection(ProjectConfigurationPlatforms) = postSolution
		{F5E355B3-6182-4504-8EC0-54A505A264A7}.Debug|Any CPU.ActiveCfg = Debug|Any CPU
		{F5E355B3-6182-4504-8EC0-54A505A264A7}.Debug|Any CPU.Build.0 = Debug|Any CPU
		{F5E355B3-6182-4504-8EC0-54A505A264A7}.Release|Any CPU.ActiveCfg = Release|Any CPU
		{F5E355B3-6182-4504-8EC0-54A505A264A7}.Release|Any CPU.Build.0 = Release|Any CPU
	EndGlobalSection
	GlobalSection(SolutionProperties) = preSolution
		HideSolutionNode = FALSE
	EndGlobalSection
	GlobalSection(ExtensibilityGlobals) = postSolution
		SolutionGuid = {5243A726-A18E-479A-8882-B99B83DD0642}
	EndGlobalSection
EndGlobal
