
Microsoft Visual Studio Solution File, Format Version 12.00
# Visual Studio Version 16
VisualStudioVersion = 16.0.31613.86
MinimumVisualStudioVersion = 10.0.40219.1
Project("{FAE04EC0-301F-11D3-BF4B-00C04F79EFBC}") = "D8_EntityFramework", "D8_EntityFramework\D8_EntityFramework.csproj", "{BCA89C25-7DF8-4706-AA99-A08577FC21F1}"
EndProject
Global
	GlobalSection(SolutionConfigurationPlatforms) = preSolution
		Debug|Any CPU = Debug|Any CPU
		Release|Any CPU = Release|Any CPU
	EndGlobalSection
	GlobalSection(ProjectConfigurationPlatforms) = postSolution
		{BCA89C25-7DF8-4706-AA99-A08577FC21F1}.Debug|Any CPU.ActiveCfg = Debug|Any CPU
		{BCA89C25-7DF8-4706-AA99-A08577FC21F1}.Debug|Any CPU.Build.0 = Debug|Any CPU
		{BCA89C25-7DF8-4706-AA99-A08577FC21F1}.Release|Any CPU.ActiveCfg = Release|Any CPU
		{BCA89C25-7DF8-4706-AA99-A08577FC21F1}.Release|Any CPU.Build.0 = Release|Any CPU
	EndGlobalSection
	GlobalSection(SolutionProperties) = preSolution
		HideSolutionNode = FALSE
	EndGlobalSection
	GlobalSection(ExtensibilityGlobals) = postSolution
		SolutionGuid = {AE740AB1-8C41-4121-8508-0C61C7CAB903}
	EndGlobalSection
EndGlobal
